<?xml version="1.0" encoding="utf-8"?>
<Project ToolsVersion="4.0" xmlns="http://schemas.microsoft.com/developer/msbuild/2003">
  <ItemGroup>
    <Filter Include="Source">
      <UniqueIdentifier>{5c32724b-c186-4960-81f5-cba613c3ffad}</UniqueIdentifier>
    </Filter>
    <Filter Include="Source\gfx">
      <UniqueIdentifier>{192ba080-3785-4b64-a938-a8993d6597c2}</UniqueIdentifier>
    </Filter>
    <Filter Include="Source\math">
      <UniqueIdentifier>{46374a52-f9a0-42fc-ae9d-5d51d96e14ad}</UniqueIdentifier>
    </Filter>
    <Filter Include="Source\raytracer">
      <UniqueIdentifier>{b9c38e7e-19bb-4cbd-8be8-f914333716fc}</UniqueIdentifier>
    </Filter>
    <Filter Include="Source\utility">
      <UniqueIdentifier>{15d76b15-3545-4ea0-93b8-a4a0253ccd6b}</UniqueIdentifier>
    </Filter>
    <Filter Include="Resources">
      <UniqueIdentifier>{545283af-9ed5-42e9-9f44-2a3cf61d4532}</UniqueIdentifier>
    </Filter>
    <Filter Include="Resources\shaders">
      <UniqueIdentifier>{2daf43e7-f73b-48d0-9941-20991ca4cda0}</UniqueIdentifier>
    </Filter>
    <Filter Include="Source\raytracer\ConfigVariables">
      <UniqueIdentifier>{6cfe7cb4-5dec-419c-b07f-7f8945ade5ba}</UniqueIdentifier>
    </Filter>
  </ItemGroup>
  <ItemGroup>
    <Xml Include="..\Source\defaultconfig.xml">
      <Filter>Source</Filter>
    </Xml>
  </ItemGroup>
  <ItemGroup>
    <ClCompile Include="..\Source\main.cpp">
      <Filter>Source</Filter>
    </ClCompile>
    <ClCompile Include="..\Source\gfx\Buffer.cpp">
      <Filter>Source\gfx</Filter>
    </ClCompile>
    <ClCompile Include="..\Source\gfx\Camera.cpp">
      <Filter>Source\gfx</Filter>
    </ClCompile>
    <ClCompile Include="..\Source\gfx\Mesh.cpp">
      <Filter>Source\gfx</Filter>
    </ClCompile>
    <ClCompile Include="..\Source\gfx\Program.cpp">
      <Filter>Source\gfx</Filter>
    </ClCompile>
    <ClCompile Include="..\Source\gfx\Shader.cpp">
      <Filter>Source\gfx</Filter>
    </ClCompile>
    <ClCompile Include="..\Source\gfx\Texture.cpp">
      <Filter>Source\gfx</Filter>
    </ClCompile>
    <ClCompile Include="..\Source\utility\tinyxml2.cpp">
      <Filter>Source\utility</Filter>
    </ClCompile>
    <ClCompile Include="..\Source\raytracer\ShaderGenerator.cpp">
      <Filter>Source\raytracer</Filter>
    </ClCompile>
    <ClCompile Include="..\Source\gfx\Material.cpp">
      <Filter>Source\gfx</Filter>
    </ClCompile>
    <ClCompile Include="..\Source\raytracer\Raytracer.cpp">
      <Filter>Source\raytracer</Filter>
    </ClCompile>
    <ClCompile Include="..\Source\raytracer\ConfigVariables\ConfigVariables.cpp">
      <Filter>Source\raytracer\ConfigVariables</Filter>
    </ClCompile>
  </ItemGroup>
  <ItemGroup>
    <ClInclude Include="..\Source\gfx\Buffer.h">
      <Filter>Source\gfx</Filter>
    </ClInclude>
    <ClInclude Include="..\Source\gfx\Camera.h">
      <Filter>Source\gfx</Filter>
    </ClInclude>
    <ClInclude Include="..\Source\gfx\Material.h">
      <Filter>Source\gfx</Filter>
    </ClInclude>
    <ClInclude Include="..\Source\gfx\Mesh.h">
      <Filter>Source\gfx</Filter>
    </ClInclude>
    <ClInclude Include="..\Source\gfx\Program.h">
      <Filter>Source\gfx</Filter>
    </ClInclude>
    <ClInclude Include="..\Source\gfx\Shader.h">
      <Filter>Source\gfx</Filter>
    </ClInclude>
    <ClInclude Include="..\Source\gfx\Texture.h">
      <Filter>Source\gfx</Filter>
    </ClInclude>
    <ClInclude Include="..\Source\gfx\Triangle.h">
      <Filter>Source\gfx</Filter>
    </ClInclude>
    <ClInclude Include="..\Source\math\Constants.h">
      <Filter>Source\math</Filter>
    </ClInclude>
    <ClInclude Include="..\Source\math\Matrix.h">
      <Filter>Source\math</Filter>
    </ClInclude>
    <ClInclude Include="..\Source\math\Quaternion.h">
      <Filter>Source\math</Filter>
    </ClInclude>
    <ClInclude Include="..\Source\math\Vector.h">
      <Filter>Source\math</Filter>
    </ClInclude>
    <ClInclude Include="..\Source\utility\rng.h">
      <Filter>Source\utility</Filter>
    </ClInclude>
    <ClInclude Include="..\Source\utility\Timer.h">
      <Filter>Source\utility</Filter>
    </ClInclude>
    <ClInclude Include="..\Source\utility\tinyxml2.h">
      <Filter>Source\utility</Filter>
    </ClInclude>
    <ClInclude Include="..\Source\utility\util.h">
      <Filter>Source\utility</Filter>
    </ClInclude>
    <ClInclude Include="..\Source\raytracer\Light.h">
      <Filter>Source\raytracer</Filter>
    </ClInclude>
    <ClInclude Include="..\Source\raytracer\ShaderGenerator.h">
      <Filter>Source\raytracer</Filter>
    </ClInclude>
    <ClInclude Include="..\Source\raytracer\Pixels.h">
      <Filter>Source\raytracer</Filter>
    </ClInclude>
    <ClInclude Include="..\Source\raytracer\Raytracer.h">
      <Filter>Source\raytracer</Filter>
    </ClInclude>
    <ClInclude Include="..\Source\raytracer\ConfigVariables\ConfigVariables.h">
      <Filter>Source\raytracer\ConfigVariables</Filter>
    </ClInclude>
    <ClInclude Include="resource.h" />
  </ItemGroup>
  <ItemGroup>
    <None Include="..\Resources\shaders\passthrough.vert">
      <Filter>Resources\shaders</Filter>
    </None>
    <None Include="..\Resources\shaders\perspective.frame">
      <Filter>Resources\shaders</Filter>
    </None>
    <None Include="..\Resources\shaders\refraction.rsh">
      <Filter>Resources\shaders</Filter>
    </None>
    <None Include="..\Resources\shaders\simpleLight.rsh">
      <Filter>Resources\shaders</Filter>
    </None>
    <None Include="..\Resources\shaders\simpleRayShader.rsh">
      <Filter>Resources\shaders</Filter>
    </None>
    <None Include="..\Resources\shaders\displayGL.frag">
      <Filter>Resources\shaders</Filter>
    </None>
  </ItemGroup>
  <ItemGroup>
    <Image Include="..\Resources\logo.ico" />
  </ItemGroup>
  <ItemGroup>
    <ResourceCompile Include="Heatray.rc" />
  </ItemGroup>
</Project>