// !$*UTF8*$!
{
	archiveVersion = 1;
	classes = {
	};
	objectVersion = 46;
	objects = {

/* Begin PBXBuildFile section */
		3209E1BE19366E4B00D19D3B /* ShaderGenerator.cpp in Sources */ = {isa = PBXBuildFile; fileRef = 3209E1BC19366E4B00D19D3B /* ShaderGenerator.cpp */; };
		32766C691937E4500017F493 /* Texture.cpp in Sources */ = {isa = PBXBuildFile; fileRef = 32766C671937E4500017F493 /* Texture.cpp */; };
		32A4E54A191D350500972E11 /* main.cpp in Sources */ = {isa = PBXBuildFile; fileRef = 32A4E548191D350500972E11 /* main.cpp */; };
		32A4E554191D4A6F00972E11 /* Shader.cpp in Sources */ = {isa = PBXBuildFile; fileRef = 32A4E552191D4A6F00972E11 /* Shader.cpp */; };
		32A4E557191D57B000972E11 /* Program.cpp in Sources */ = {isa = PBXBuildFile; fileRef = 32A4E555191D57B000972E11 /* Program.cpp */; };
		32A4E55C19217B7200972E11 /* Mesh.cpp in Sources */ = {isa = PBXBuildFile; fileRef = 32A4E55A19217B7200972E11 /* Mesh.cpp */; };
		32A4E56019219CA100972E11 /* Camera.cpp in Sources */ = {isa = PBXBuildFile; fileRef = 32A4E55E19219CA100972E11 /* Camera.cpp */; };
		C3462B821C50AE8E00D3C763 /* OpenGL.framework in Frameworks */ = {isa = PBXBuildFile; fileRef = C3B2D2341972551200665B05 /* OpenGL.framework */; };
		C3462B941C50B37A00D3C763 /* Material.cpp in Sources */ = {isa = PBXBuildFile; fileRef = C3462B931C50B37A00D3C763 /* Material.cpp */; };
		C3462B961C50B8C900D3C763 /* libGLEW.a in Frameworks */ = {isa = PBXBuildFile; fileRef = C3462B951C50B8C900D3C763 /* libGLEW.a */; };
		C3462B991C50BA1700D3C763 /* OpenRL.framework in Frameworks */ = {isa = PBXBuildFile; fileRef = C3462B971C50BA1700D3C763 /* OpenRL.framework */; settings = {ATTRIBUTES = (Required, ); }; };
		C3462B9E1C50BEEC00D3C763 /* OpenRL.framework in CopyFiles */ = {isa = PBXBuildFile; fileRef = C3462B971C50BA1700D3C763 /* OpenRL.framework */; settings = {ATTRIBUTES = (CodeSignOnCopy, RemoveHeadersOnCopy, ); }; };
		C3462BA11C50C21700D3C763 /* libGLEW.dylib in CopyFiles */ = {isa = PBXBuildFile; fileRef = C3462BA01C50C21700D3C763 /* libGLEW.dylib */; settings = {ATTRIBUTES = (CodeSignOnCopy, ); }; };
		C3462BA41C50C29200D3C763 /* libGLEW.1.13.dylib in CopyFiles */ = {isa = PBXBuildFile; fileRef = C3462BA21C50C29200D3C763 /* libGLEW.1.13.dylib */; settings = {ATTRIBUTES = (CodeSignOnCopy, ); }; };
		C3462BA51C50C29200D3C763 /* libGLEW.1.13.0.dylib in CopyFiles */ = {isa = PBXBuildFile; fileRef = C3462BA31C50C29200D3C763 /* libGLEW.1.13.0.dylib */; settings = {ATTRIBUTES = (CodeSignOnCopy, ); }; };
		C3462BA71C51E93600D3C763 /* Resources in CopyFiles */ = {isa = PBXBuildFile; fileRef = C3462BA61C51E93600D3C763 /* Resources */; };
		C3462BA81C51E99300D3C763 /* defaultconfig.xml in CopyFiles */ = {isa = PBXBuildFile; fileRef = C3AA72F419908C8400AE91CB /* defaultconfig.xml */; };
		C3462BAA1C51EB8F00D3C763 /* libfreeimage.a in Frameworks */ = {isa = PBXBuildFile; fileRef = C3462BA91C51EB8F00D3C763 /* libfreeimage.a */; };
		C3462BAD1C51ECB600D3C763 /* Raytracer.cpp in Sources */ = {isa = PBXBuildFile; fileRef = C3462BAC1C51ECB600D3C763 /* Raytracer.cpp */; };
		C3673145191F31C60092EDC9 /* Buffer.cpp in Sources */ = {isa = PBXBuildFile; fileRef = C3673143191F31C60092EDC9 /* Buffer.cpp */; };
		C36A5E8B19A8F525007B01FC /* GLUT.framework in Frameworks */ = {isa = PBXBuildFile; fileRef = C3B2D2321972550C00665B05 /* GLUT.framework */; };
		C3AA72F919908D5A00AE91CB /* tinyxml2.cpp in Sources */ = {isa = PBXBuildFile; fileRef = C3AA72F719908D5A00AE91CB /* tinyxml2.cpp */; };
		C3B2D22C197254E800665B05 /* main.cpp in Sources */ = {isa = PBXBuildFile; fileRef = C3B2D22B197254E800665B05 /* main.cpp */; };
		C3B2D239197259D800665B05 /* Texture.cpp in Sources */ = {isa = PBXBuildFile; fileRef = 32766C671937E4500017F493 /* Texture.cpp */; };
		C3B2D23A19725A2600665B05 /* Program.cpp in Sources */ = {isa = PBXBuildFile; fileRef = 32A4E555191D57B000972E11 /* Program.cpp */; };
		C3B2D23B19725A3B00665B05 /* Shader.cpp in Sources */ = {isa = PBXBuildFile; fileRef = 32A4E552191D4A6F00972E11 /* Shader.cpp */; };
		C3D8148F1C5EA613004BEDB9 /* ConfigVariables.cpp in Sources */ = {isa = PBXBuildFile; fileRef = C3D8148E1C5EA613004BEDB9 /* ConfigVariables.cpp */; };
/* End PBXBuildFile section */

/* Begin PBXCopyFilesBuildPhase section */
		41D1B5F90DBE8D820025C9C8 /* CopyFiles */ = {
			isa = PBXCopyFilesBuildPhase;
			buildActionMask = 2147483647;
			dstPath = "";
			dstSubfolderSpec = 16;
			files = (
				C3462BA81C51E99300D3C763 /* defaultconfig.xml in CopyFiles */,
				C3462BA71C51E93600D3C763 /* Resources in CopyFiles */,
			);
			runOnlyForDeploymentPostprocessing = 0;
		};
		C3462B9D1C50BE9600D3C763 /* CopyFiles */ = {
			isa = PBXCopyFilesBuildPhase;
			buildActionMask = 2147483647;
			dstPath = "";
			dstSubfolderSpec = 7;
			files = (
				C3462BA41C50C29200D3C763 /* libGLEW.1.13.dylib in CopyFiles */,
				C3462BA51C50C29200D3C763 /* libGLEW.1.13.0.dylib in CopyFiles */,
				C3462BA11C50C21700D3C763 /* libGLEW.dylib in CopyFiles */,
				C3462B9E1C50BEEC00D3C763 /* OpenRL.framework in CopyFiles */,
			);
			runOnlyForDeploymentPostprocessing = 0;
		};
		C3B2D227197254E800665B05 /* CopyFiles */ = {
			isa = PBXCopyFilesBuildPhase;
			buildActionMask = 2147483647;
			dstPath = /usr/share/man/man1/;
			dstSubfolderSpec = 0;
			files = (
			);
			runOnlyForDeploymentPostprocessing = 1;
		};
/* End PBXCopyFilesBuildPhase section */

/* Begin PBXFileReference section */
		3209E1BC19366E4B00D19D3B /* ShaderGenerator.cpp */ = {isa = PBXFileReference; fileEncoding = 4; lastKnownFileType = sourcecode.cpp.cpp; path = ShaderGenerator.cpp; sourceTree = "<group>"; };
		3209E1BD19366E4B00D19D3B /* ShaderGenerator.h */ = {isa = PBXFileReference; fileEncoding = 4; lastKnownFileType = sourcecode.c.h; path = ShaderGenerator.h; sourceTree = "<group>"; };
		32766C671937E4500017F493 /* Texture.cpp */ = {isa = PBXFileReference; fileEncoding = 4; lastKnownFileType = sourcecode.cpp.cpp; path = Texture.cpp; sourceTree = "<group>"; };
		32766C681937E4500017F493 /* Texture.h */ = {isa = PBXFileReference; fileEncoding = 4; lastKnownFileType = sourcecode.c.h; path = Texture.h; sourceTree = "<group>"; };
		3293A4D31992E5DA00630E05 /* Light.h */ = {isa = PBXFileReference; fileEncoding = 4; lastKnownFileType = sourcecode.c.h; path = Light.h; sourceTree = "<group>"; };
		32A4E548191D350500972E11 /* main.cpp */ = {isa = PBXFileReference; fileEncoding = 4; lastKnownFileType = sourcecode.cpp.cpp; path = main.cpp; sourceTree = "<group>"; };
		32A4E550191D45A900972E11 /* Timer.h */ = {isa = PBXFileReference; lastKnownFileType = sourcecode.c.h; path = Timer.h; sourceTree = "<group>"; };
		32A4E551191D471B00972E11 /* util.h */ = {isa = PBXFileReference; lastKnownFileType = sourcecode.c.h; path = util.h; sourceTree = "<group>"; };
		32A4E552191D4A6F00972E11 /* Shader.cpp */ = {isa = PBXFileReference; fileEncoding = 4; lastKnownFileType = sourcecode.cpp.cpp; path = Shader.cpp; sourceTree = "<group>"; };
		32A4E553191D4A6F00972E11 /* Shader.h */ = {isa = PBXFileReference; fileEncoding = 4; lastKnownFileType = sourcecode.c.h; path = Shader.h; sourceTree = "<group>"; };
		32A4E555191D57B000972E11 /* Program.cpp */ = {isa = PBXFileReference; fileEncoding = 4; lastKnownFileType = sourcecode.cpp.cpp; path = Program.cpp; sourceTree = "<group>"; };
		32A4E556191D57B000972E11 /* Program.h */ = {isa = PBXFileReference; fileEncoding = 4; lastKnownFileType = sourcecode.c.h; path = Program.h; sourceTree = "<group>"; };
		32A4E55819215B8D00972E11 /* Material.h */ = {isa = PBXFileReference; lastKnownFileType = sourcecode.c.h; path = Material.h; sourceTree = "<group>"; };
		32A4E5591921776D00972E11 /* rng.h */ = {isa = PBXFileReference; lastKnownFileType = sourcecode.c.h; path = rng.h; sourceTree = "<group>"; };
		32A4E55A19217B7200972E11 /* Mesh.cpp */ = {isa = PBXFileReference; fileEncoding = 4; lastKnownFileType = sourcecode.cpp.cpp; path = Mesh.cpp; sourceTree = "<group>"; };
		32A4E55B19217B7200972E11 /* Mesh.h */ = {isa = PBXFileReference; fileEncoding = 4; lastKnownFileType = sourcecode.c.h; path = Mesh.h; sourceTree = "<group>"; };
		32A4E55D19217C3700972E11 /* Triangle.h */ = {isa = PBXFileReference; lastKnownFileType = sourcecode.c.h; path = Triangle.h; sourceTree = "<group>"; };
		32A4E55E19219CA100972E11 /* Camera.cpp */ = {isa = PBXFileReference; fileEncoding = 4; lastKnownFileType = sourcecode.cpp.cpp; path = Camera.cpp; sourceTree = "<group>"; };
		32A4E55F19219CA100972E11 /* Camera.h */ = {isa = PBXFileReference; fileEncoding = 4; lastKnownFileType = sourcecode.c.h; path = Camera.h; sourceTree = "<group>"; };
		8DD76F6C0486A84900D96B5E /* Heatray */ = {isa = PBXFileReference; explicitFileType = "compiled.mach-o.executable"; includeInIndex = 0; path = Heatray; sourceTree = BUILT_PRODUCTS_DIR; };
		C3462B811C50AC0B00D3C763 /* Pixels.h */ = {isa = PBXFileReference; fileEncoding = 4; lastKnownFileType = sourcecode.c.h; path = Pixels.h; sourceTree = "<group>"; };
		C3462B931C50B37A00D3C763 /* Material.cpp */ = {isa = PBXFileReference; fileEncoding = 4; lastKnownFileType = sourcecode.cpp.cpp; path = Material.cpp; sourceTree = "<group>"; };
		C3462B951C50B8C900D3C763 /* libGLEW.a */ = {isa = PBXFileReference; lastKnownFileType = archive.ar; name = libGLEW.a; path = 3rdParty/libs/libGLEW.a; sourceTree = SOURCE_ROOT; };
		C3462B971C50BA1700D3C763 /* OpenRL.framework */ = {isa = PBXFileReference; lastKnownFileType = wrapper.framework; name = OpenRL.framework; path = 3rdParty/frameworks/OpenRL.framework; sourceTree = SOURCE_ROOT; };
		C3462BA01C50C21700D3C763 /* libGLEW.dylib */ = {isa = PBXFileReference; lastKnownFileType = "compiled.mach-o.dylib"; name = libGLEW.dylib; path = 3rdParty/libs/libGLEW.dylib; sourceTree = "<group>"; };
		C3462BA21C50C29200D3C763 /* libGLEW.1.13.dylib */ = {isa = PBXFileReference; lastKnownFileType = "compiled.mach-o.dylib"; name = libGLEW.1.13.dylib; path = 3rdParty/libs/libGLEW.1.13.dylib; sourceTree = "<group>"; };
		C3462BA31C50C29200D3C763 /* libGLEW.1.13.0.dylib */ = {isa = PBXFileReference; lastKnownFileType = "compiled.mach-o.dylib"; name = libGLEW.1.13.0.dylib; path = 3rdParty/libs/libGLEW.1.13.0.dylib; sourceTree = "<group>"; };
		C3462BA61C51E93600D3C763 /* Resources */ = {isa = PBXFileReference; lastKnownFileType = folder; path = Resources; sourceTree = "<group>"; };
		C3462BA91C51EB8F00D3C763 /* libfreeimage.a */ = {isa = PBXFileReference; lastKnownFileType = archive.ar; name = libfreeimage.a; path = 3rdParty/libs/libfreeimage.a; sourceTree = SOURCE_ROOT; };
		C3462BAB1C51ECB600D3C763 /* Raytracer.h */ = {isa = PBXFileReference; fileEncoding = 4; lastKnownFileType = sourcecode.c.h; path = Raytracer.h; sourceTree = "<group>"; };
		C3462BAC1C51ECB600D3C763 /* Raytracer.cpp */ = {isa = PBXFileReference; fileEncoding = 4; lastKnownFileType = sourcecode.cpp.cpp; path = Raytracer.cpp; sourceTree = "<group>"; };
		C367313F191F2F7A0092EDC9 /* Constants.h */ = {isa = PBXFileReference; fileEncoding = 4; lastKnownFileType = sourcecode.c.h; path = Constants.h; sourceTree = "<group>"; };
		C3673140191F2F7A0092EDC9 /* Matrix.h */ = {isa = PBXFileReference; fileEncoding = 4; lastKnownFileType = sourcecode.c.h; path = Matrix.h; sourceTree = "<group>"; };
		C3673141191F2F7A0092EDC9 /* Quaternion.h */ = {isa = PBXFileReference; fileEncoding = 4; lastKnownFileType = sourcecode.c.h; path = Quaternion.h; sourceTree = "<group>"; };
		C3673142191F2F7A0092EDC9 /* Vector.h */ = {isa = PBXFileReference; fileEncoding = 4; lastKnownFileType = sourcecode.c.h; path = Vector.h; sourceTree = "<group>"; };
		C3673143191F31C60092EDC9 /* Buffer.cpp */ = {isa = PBXFileReference; fileEncoding = 4; lastKnownFileType = sourcecode.cpp.cpp; path = Buffer.cpp; sourceTree = "<group>"; };
		C3673144191F31C60092EDC9 /* Buffer.h */ = {isa = PBXFileReference; fileEncoding = 4; lastKnownFileType = sourcecode.c.h; path = Buffer.h; sourceTree = "<group>"; };
		C3AA72F419908C8400AE91CB /* defaultconfig.xml */ = {isa = PBXFileReference; fileEncoding = 4; lastKnownFileType = text.xml; path = defaultconfig.xml; sourceTree = "<group>"; };
		C3AA72F719908D5A00AE91CB /* tinyxml2.cpp */ = {isa = PBXFileReference; fileEncoding = 4; lastKnownFileType = sourcecode.cpp.cpp; path = tinyxml2.cpp; sourceTree = "<group>"; };
		C3AA72F819908D5A00AE91CB /* tinyxml2.h */ = {isa = PBXFileReference; fileEncoding = 4; lastKnownFileType = sourcecode.c.h; path = tinyxml2.h; sourceTree = "<group>"; };
		C3B2D229197254E800665B05 /* BumpMapGenerator */ = {isa = PBXFileReference; explicitFileType = "compiled.mach-o.executable"; includeInIndex = 0; path = BumpMapGenerator; sourceTree = BUILT_PRODUCTS_DIR; };
		C3B2D22B197254E800665B05 /* main.cpp */ = {isa = PBXFileReference; lastKnownFileType = sourcecode.cpp.cpp; path = main.cpp; sourceTree = "<group>"; };
		C3B2D2321972550C00665B05 /* GLUT.framework */ = {isa = PBXFileReference; lastKnownFileType = wrapper.framework; name = GLUT.framework; path = System/Library/Frameworks/GLUT.framework; sourceTree = SDKROOT; };
		C3B2D2341972551200665B05 /* OpenGL.framework */ = {isa = PBXFileReference; lastKnownFileType = wrapper.framework; name = OpenGL.framework; path = System/Library/Frameworks/OpenGL.framework; sourceTree = SDKROOT; };
		C3D8148D1C5EA613004BEDB9 /* ConfigVariables.h */ = {isa = PBXFileReference; fileEncoding = 4; lastKnownFileType = sourcecode.c.h; name = ConfigVariables.h; path = ConfigVariables/ConfigVariables.h; sourceTree = "<group>"; };
		C3D8148E1C5EA613004BEDB9 /* ConfigVariables.cpp */ = {isa = PBXFileReference; fileEncoding = 4; lastKnownFileType = sourcecode.cpp.cpp; name = ConfigVariables.cpp; path = ConfigVariables/ConfigVariables.cpp; sourceTree = "<group>"; };
/* End PBXFileReference section */

/* Begin PBXFrameworksBuildPhase section */
		8DD76F660486A84900D96B5E /* Frameworks */ = {
			isa = PBXFrameworksBuildPhase;
			buildActionMask = 2147483647;
			files = (
				C3462BAA1C51EB8F00D3C763 /* libfreeimage.a in Frameworks */,
				C3462B991C50BA1700D3C763 /* OpenRL.framework in Frameworks */,
				C3462B961C50B8C900D3C763 /* libGLEW.a in Frameworks */,
				C3462B821C50AE8E00D3C763 /* OpenGL.framework in Frameworks */,
				C36A5E8B19A8F525007B01FC /* GLUT.framework in Frameworks */,
			);
			runOnlyForDeploymentPostprocessing = 0;
		};
		C3B2D226197254E800665B05 /* Frameworks */ = {
			isa = PBXFrameworksBuildPhase;
			buildActionMask = 2147483647;
			files = (
			);
			runOnlyForDeploymentPostprocessing = 0;
		};
/* End PBXFrameworksBuildPhase section */

/* Begin PBXGroup section */
		08FB7794FE84155DC02AAC07 /* Heatray */ = {
			isa = PBXGroup;
			children = (
				C3462BA61C51E93600D3C763 /* Resources */,
				C3462BA21C50C29200D3C763 /* libGLEW.1.13.dylib */,
				C3462BA31C50C29200D3C763 /* libGLEW.1.13.0.dylib */,
				C3462BA01C50C21700D3C763 /* libGLEW.dylib */,
				C3B2D22A197254E800665B05 /* BumpMapGenerator */,
				32A4E541191D304F00972E11 /* Frameworks */,
				32A4E542191D304F00972E11 /* Source */,
				1AB674ADFE9D54B511CA2CBB /* Products */,
			);
			name = Heatray;
			sourceTree = "<group>";
			usesTabs = 0;
		};
		1AB674ADFE9D54B511CA2CBB /* Products */ = {
			isa = PBXGroup;
			children = (
				8DD76F6C0486A84900D96B5E /* Heatray */,
				C3B2D229197254E800665B05 /* BumpMapGenerator */,
			);
			name = Products;
			sourceTree = "<group>";
		};
		32A4E541191D304F00972E11 /* Frameworks */ = {
			isa = PBXGroup;
			children = (
				C3462BA91C51EB8F00D3C763 /* libfreeimage.a */,
				C3462B971C50BA1700D3C763 /* OpenRL.framework */,
				C3462B951C50B8C900D3C763 /* libGLEW.a */,
				C3B2D2341972551200665B05 /* OpenGL.framework */,
				C3B2D2321972550C00665B05 /* GLUT.framework */,
			);
			path = Frameworks;
			sourceTree = "<group>";
		};
		32A4E542191D304F00972E11 /* Source */ = {
			isa = PBXGroup;
			children = (
				32A4E548191D350500972E11 /* main.cpp */,
				32A4E545191D34EF00972E11 /* gfx */,
				C367313E191F2F7A0092EDC9 /* math */,
				32A4E546191D34EF00972E11 /* raytracer */,
				32A4E547191D34EF00972E11 /* utility */,
				C3AA72F419908C8400AE91CB /* defaultconfig.xml */,
			);
			path = Source;
			sourceTree = "<group>";
		};
		32A4E545191D34EF00972E11 /* gfx */ = {
			isa = PBXGroup;
			children = (
				C3673143191F31C60092EDC9 /* Buffer.cpp */,
				C3673144191F31C60092EDC9 /* Buffer.h */,
				32A4E55E19219CA100972E11 /* Camera.cpp */,
				32A4E55F19219CA100972E11 /* Camera.h */,
				C3462B931C50B37A00D3C763 /* Material.cpp */,
				32A4E55819215B8D00972E11 /* Material.h */,
				32A4E55A19217B7200972E11 /* Mesh.cpp */,
				32A4E55B19217B7200972E11 /* Mesh.h */,
				32A4E555191D57B000972E11 /* Program.cpp */,
				32A4E556191D57B000972E11 /* Program.h */,
				32A4E552191D4A6F00972E11 /* Shader.cpp */,
				32A4E553191D4A6F00972E11 /* Shader.h */,
				32766C671937E4500017F493 /* Texture.cpp */,
				32766C681937E4500017F493 /* Texture.h */,
				32A4E55D19217C3700972E11 /* Triangle.h */,
			);
			path = gfx;
			sourceTree = "<group>";
		};
		32A4E546191D34EF00972E11 /* raytracer */ = {
			isa = PBXGroup;
			children = (
				C3D8148C1C5EA604004BEDB9 /* ConfigVariables */,
				C3462BAB1C51ECB600D3C763 /* Raytracer.h */,
				C3462BAC1C51ECB600D3C763 /* Raytracer.cpp */,
				C3462B811C50AC0B00D3C763 /* Pixels.h */,
				3209E1BC19366E4B00D19D3B /* ShaderGenerator.cpp */,
				3209E1BD19366E4B00D19D3B /* ShaderGenerator.h */,
				3293A4D31992E5DA00630E05 /* Light.h */,
			);
			path = raytracer;
			sourceTree = "<group>";
		};
		32A4E547191D34EF00972E11 /* utility */ = {
			isa = PBXGroup;
			children = (
				32A4E550191D45A900972E11 /* Timer.h */,
				32A4E551191D471B00972E11 /* util.h */,
				32A4E5591921776D00972E11 /* rng.h */,
				C3AA72F719908D5A00AE91CB /* tinyxml2.cpp */,
				C3AA72F819908D5A00AE91CB /* tinyxml2.h */,
			);
			path = utility;
			sourceTree = "<group>";
		};
		C367313E191F2F7A0092EDC9 /* math */ = {
			isa = PBXGroup;
			children = (
				C367313F191F2F7A0092EDC9 /* Constants.h */,
				C3673140191F2F7A0092EDC9 /* Matrix.h */,
				C3673141191F2F7A0092EDC9 /* Quaternion.h */,
				C3673142191F2F7A0092EDC9 /* Vector.h */,
			);
			path = math;
			sourceTree = "<group>";
		};
		C3B2D22A197254E800665B05 /* BumpMapGenerator */ = {
			isa = PBXGroup;
			children = (
				C3B2D22B197254E800665B05 /* main.cpp */,
			);
			path = BumpMapGenerator;
			sourceTree = "<group>";
		};
		C3D8148C1C5EA604004BEDB9 /* ConfigVariables */ = {
			isa = PBXGroup;
			children = (
				C3D8148D1C5EA613004BEDB9 /* ConfigVariables.h */,
				C3D8148E1C5EA613004BEDB9 /* ConfigVariables.cpp */,
			);
			name = ConfigVariables;
			sourceTree = "<group>";
		};
/* End PBXGroup section */

/* Begin PBXNativeTarget section */
		8DD76F620486A84900D96B5E /* Heatray */ = {
			isa = PBXNativeTarget;
			buildConfigurationList = 1DEB923108733DC60010E9CD /* Build configuration list for PBXNativeTarget "Heatray" */;
			buildPhases = (
				8DD76F640486A84900D96B5E /* Sources */,
				8DD76F660486A84900D96B5E /* Frameworks */,
				41D1B5F90DBE8D820025C9C8 /* CopyFiles */,
				C3462B9D1C50BE9600D3C763 /* CopyFiles */,
			);
			buildRules = (
			);
			dependencies = (
			);
			name = Heatray;
			productInstallPath = "$(HOME)/bin";
			productName = Heatray;
			productReference = 8DD76F6C0486A84900D96B5E /* Heatray */;
			productType = "com.apple.product-type.tool";
		};
		C3B2D228197254E800665B05 /* BumpMapGenerator */ = {
			isa = PBXNativeTarget;
			buildConfigurationList = C3B2D231197254E800665B05 /* Build configuration list for PBXNativeTarget "BumpMapGenerator" */;
			buildPhases = (
				C3B2D225197254E800665B05 /* Sources */,
				C3B2D226197254E800665B05 /* Frameworks */,
				C3B2D227197254E800665B05 /* CopyFiles */,
			);
			buildRules = (
			);
			dependencies = (
			);
			name = BumpMapGenerator;
			productName = BumpMapGenerator;
			productReference = C3B2D229197254E800665B05 /* BumpMapGenerator */;
			productType = "com.apple.product-type.tool";
		};
/* End PBXNativeTarget section */

/* Begin PBXProject section */
		08FB7793FE84155DC02AAC07 /* Project object */ = {
			isa = PBXProject;
			attributes = {
				CLASSPREFIX = "";
				LastUpgradeCheck = 0720;
			};
			buildConfigurationList = 1DEB923508733DC60010E9CD /* Build configuration list for PBXProject "Heatray" */;
			compatibilityVersion = "Xcode 3.2";
			developmentRegion = English;
			hasScannedForEncodings = 1;
			knownRegions = (
				en,
			);
			mainGroup = 08FB7794FE84155DC02AAC07 /* Heatray */;
			projectDirPath = "";
			projectRoot = "";
			targets = (
				8DD76F620486A84900D96B5E /* Heatray */,
				C3B2D228197254E800665B05 /* BumpMapGenerator */,
			);
		};
/* End PBXProject section */

/* Begin PBXSourcesBuildPhase section */
		8DD76F640486A84900D96B5E /* Sources */ = {
			isa = PBXSourcesBuildPhase;
			buildActionMask = 2147483647;
			files = (
				32A4E55C19217B7200972E11 /* Mesh.cpp in Sources */,
				32A4E557191D57B000972E11 /* Program.cpp in Sources */,
				C3462BAD1C51ECB600D3C763 /* Raytracer.cpp in Sources */,
				C3D8148F1C5EA613004BEDB9 /* ConfigVariables.cpp in Sources */,
				3209E1BE19366E4B00D19D3B /* ShaderGenerator.cpp in Sources */,
				32766C691937E4500017F493 /* Texture.cpp in Sources */,
				C3462B941C50B37A00D3C763 /* Material.cpp in Sources */,
				C3AA72F919908D5A00AE91CB /* tinyxml2.cpp in Sources */,
				32A4E56019219CA100972E11 /* Camera.cpp in Sources */,
				C3673145191F31C60092EDC9 /* Buffer.cpp in Sources */,
				32A4E54A191D350500972E11 /* main.cpp in Sources */,
				32A4E554191D4A6F00972E11 /* Shader.cpp in Sources */,
			);
			runOnlyForDeploymentPostprocessing = 0;
		};
		C3B2D225197254E800665B05 /* Sources */ = {
			isa = PBXSourcesBuildPhase;
			buildActionMask = 2147483647;
			files = (
				C3B2D23A19725A2600665B05 /* Program.cpp in Sources */,
				C3B2D22C197254E800665B05 /* main.cpp in Sources */,
				C3B2D23B19725A3B00665B05 /* Shader.cpp in Sources */,
				C3B2D239197259D800665B05 /* Texture.cpp in Sources */,
			);
			runOnlyForDeploymentPostprocessing = 0;
		};
/* End PBXSourcesBuildPhase section */

/* Begin XCBuildConfiguration section */
		1DEB923208733DC60010E9CD /* Debug */ = {
			isa = XCBuildConfiguration;
			buildSettings = {
				CLANG_CXX_LANGUAGE_STANDARD = "c++0x";
				CLANG_CXX_LIBRARY = "libc++";
				GCC_C_LANGUAGE_STANDARD = c11;
				GCC_ENABLE_FIX_AND_CONTINUE = YES;
				GCC_ENABLE_FLOATING_POINT_LIBRARY_CALLS = YES;
				GCC_INPUT_FILETYPE = sourcecode.cpp.cpp;
				GCC_OPTIMIZATION_LEVEL = 0;
				GCC_TREAT_INCOMPATIBLE_POINTER_TYPE_WARNINGS_AS_ERRORS = YES;
				GCC_WARN_ABOUT_MISSING_FIELD_INITIALIZERS = YES;
				GCC_WARN_ABOUT_RETURN_TYPE = YES;
				GCC_WARN_SHADOW = YES;
				GCC_WARN_UNUSED_VALUE = NO;
				LIBRARY_SEARCH_PATHS = (
					"$(inherited)",
					"$(PROJECT_DIR)/3rdParty/libs",
				);
				ONLY_ACTIVE_ARCH = YES;
				PRODUCT_NAME = Heatray;
				SDKROOT = macosx;
			};
			name = Debug;
		};
		1DEB923308733DC60010E9CD /* Release */ = {
			isa = XCBuildConfiguration;
			buildSettings = {
				CLANG_CXX_LANGUAGE_STANDARD = "c++0x";
				CLANG_CXX_LIBRARY = "libc++";
				GCC_C_LANGUAGE_STANDARD = c11;
				GCC_ENABLE_FLOATING_POINT_LIBRARY_CALLS = YES;
				GCC_INPUT_FILETYPE = sourcecode.cpp.cpp;
				GCC_OPTIMIZATION_LEVEL = 3;
				GCC_TREAT_INCOMPATIBLE_POINTER_TYPE_WARNINGS_AS_ERRORS = YES;
				GCC_WARN_ABOUT_MISSING_FIELD_INITIALIZERS = YES;
				GCC_WARN_ABOUT_RETURN_TYPE = YES;
				GCC_WARN_SHADOW = YES;
				GCC_WARN_UNUSED_VALUE = NO;
				LIBRARY_SEARCH_PATHS = (
					"$(inherited)",
					"$(PROJECT_DIR)/3rdParty/libs",
				);
				ONLY_ACTIVE_ARCH = YES;
				PRODUCT_NAME = Heatray;
				SDKROOT = macosx;
			};
			name = Release;
		};
		1DEB923608733DC60010E9CD /* Debug */ = {
			isa = XCBuildConfiguration;
			buildSettings = {
				ENABLE_TESTABILITY = YES;
				FRAMEWORK_SEARCH_PATHS = "$(PROJECT_DIR)/3rdParty/frameworks/**";
				HEADER_SEARCH_PATHS = (
					"$(inherited)",
					/Applications/Xcode.app/Contents/Developer/Toolchains/XcodeDefault.xctoolchain/usr/include,
					./3rdParty/include,
				);
				ONLY_ACTIVE_ARCH = YES;
			};
			name = Debug;
		};
		1DEB923708733DC60010E9CD /* Release */ = {
			isa = XCBuildConfiguration;
			buildSettings = {
				FRAMEWORK_SEARCH_PATHS = "$(PROJECT_DIR)/3rdParty/frameworks/**";
				HEADER_SEARCH_PATHS = (
					"$(inherited)",
					/Applications/Xcode.app/Contents/Developer/Toolchains/XcodeDefault.xctoolchain/usr/include,
					./3rdParty/include,
				);
			};
			name = Release;
		};
		C3B2D22F197254E800665B05 /* Debug */ = {
			isa = XCBuildConfiguration;
			buildSettings = {
				ALWAYS_SEARCH_USER_PATHS = NO;
				CLANG_CXX_LANGUAGE_STANDARD = "gnu++0x";
				CLANG_CXX_LIBRARY = "libc++";
				CLANG_ENABLE_MODULES = YES;
				CLANG_ENABLE_OBJC_ARC = YES;
				CLANG_WARN_BOOL_CONVERSION = YES;
				CLANG_WARN_CONSTANT_CONVERSION = YES;
				CLANG_WARN_DIRECT_OBJC_ISA_USAGE = YES_ERROR;
				CLANG_WARN_EMPTY_BODY = YES;
				CLANG_WARN_ENUM_CONVERSION = YES;
				CLANG_WARN_INT_CONVERSION = YES;
				CLANG_WARN_OBJC_ROOT_CLASS = YES_ERROR;
				CLANG_WARN__DUPLICATE_METHOD_MATCH = YES;
				COPY_PHASE_STRIP = NO;
				FRAMEWORK_SEARCH_PATHS = (
					"$(inherited)",
					"$(PROJECT_DIR)/Frameworks",
				);
				GCC_C_LANGUAGE_STANDARD = gnu99;
				GCC_DYNAMIC_NO_PIC = NO;
				GCC_ENABLE_OBJC_EXCEPTIONS = YES;
				GCC_OPTIMIZATION_LEVEL = 0;
				GCC_PREPROCESSOR_DEFINITIONS = (
					"DEBUG=1",
					"$(inherited)",
				);
				GCC_SYMBOLS_PRIVATE_EXTERN = NO;
				GCC_WARN_64_TO_32_BIT_CONVERSION = YES;
				GCC_WARN_ABOUT_RETURN_TYPE = YES_ERROR;
				GCC_WARN_UNDECLARED_SELECTOR = YES;
				GCC_WARN_UNINITIALIZED_AUTOS = YES_AGGRESSIVE;
				GCC_WARN_UNUSED_FUNCTION = YES;
				GCC_WARN_UNUSED_VARIABLE = YES;
				MACOSX_DEPLOYMENT_TARGET = 10.9;
				PRODUCT_NAME = "$(TARGET_NAME)";
				SDKROOT = macosx;
			};
			name = Debug;
		};
		C3B2D230197254E800665B05 /* Release */ = {
			isa = XCBuildConfiguration;
			buildSettings = {
				ALWAYS_SEARCH_USER_PATHS = NO;
				CLANG_CXX_LANGUAGE_STANDARD = "gnu++0x";
				CLANG_CXX_LIBRARY = "libc++";
				CLANG_ENABLE_MODULES = YES;
				CLANG_ENABLE_OBJC_ARC = YES;
				CLANG_WARN_BOOL_CONVERSION = YES;
				CLANG_WARN_CONSTANT_CONVERSION = YES;
				CLANG_WARN_DIRECT_OBJC_ISA_USAGE = YES_ERROR;
				CLANG_WARN_EMPTY_BODY = YES;
				CLANG_WARN_ENUM_CONVERSION = YES;
				CLANG_WARN_INT_CONVERSION = YES;
				CLANG_WARN_OBJC_ROOT_CLASS = YES_ERROR;
				CLANG_WARN__DUPLICATE_METHOD_MATCH = YES;
				COPY_PHASE_STRIP = YES;
				DEBUG_INFORMATION_FORMAT = "dwarf-with-dsym";
				ENABLE_NS_ASSERTIONS = NO;
				FRAMEWORK_SEARCH_PATHS = (
					"$(inherited)",
					"$(PROJECT_DIR)/Frameworks",
				);
				GCC_C_LANGUAGE_STANDARD = gnu99;
				GCC_ENABLE_OBJC_EXCEPTIONS = YES;
				GCC_WARN_64_TO_32_BIT_CONVERSION = YES;
				GCC_WARN_ABOUT_RETURN_TYPE = YES_ERROR;
				GCC_WARN_UNDECLARED_SELECTOR = YES;
				GCC_WARN_UNINITIALIZED_AUTOS = YES_AGGRESSIVE;
				GCC_WARN_UNUSED_FUNCTION = YES;
				GCC_WARN_UNUSED_VARIABLE = YES;
				MACOSX_DEPLOYMENT_TARGET = 10.9;
				PRODUCT_NAME = "$(TARGET_NAME)";
				SDKROOT = macosx;
			};
			name = Release;
		};
/* End XCBuildConfiguration section */

/* Begin XCConfigurationList section */
		1DEB923108733DC60010E9CD /* Build configuration list for PBXNativeTarget "Heatray" */ = {
			isa = XCConfigurationList;
			buildConfigurations = (
				1DEB923208733DC60010E9CD /* Debug */,
				1DEB923308733DC60010E9CD /* Release */,
			);
			defaultConfigurationIsVisible = 0;
			defaultConfigurationName = Release;
		};
		1DEB923508733DC60010E9CD /* Build configuration list for PBXProject "Heatray" */ = {
			isa = XCConfigurationList;
			buildConfigurations = (
				1DEB923608733DC60010E9CD /* Debug */,
				1DEB923708733DC60010E9CD /* Release */,
			);
			defaultConfigurationIsVisible = 0;
			defaultConfigurationName = Release;
		};
		C3B2D231197254E800665B05 /* Build configuration list for PBXNativeTarget "BumpMapGenerator" */ = {
			isa = XCConfigurationList;
			buildConfigurations = (
				C3B2D22F197254E800665B05 /* Debug */,
				C3B2D230197254E800665B05 /* Release */,
			);
			defaultConfigurationIsVisible = 0;
			defaultConfigurationName = Release;
		};
/* End XCConfigurationList section */
	};
	rootObject = 08FB7793FE84155DC02AAC07 /* Project object */;
}
